// !$*UTF8*$!
{
	archiveVersion = 1;
	classes = {
	};
	objectVersion = 50;
	objects = {

/* Begin PBXBuildFile section */
		94B5C4F220A7833A00817D70 /* AppDelegate.swift in Sources */ = {isa = PBXBuildFile; fileRef = 94B5C4F120A7833A00817D70 /* AppDelegate.swift */; };
		94B5C50320A7833A00817D70 /* AppDelegate.swift in Sources */ = {isa = PBXBuildFile; fileRef = 94B5C50220A7833A00817D70 /* AppDelegate.swift */; };
		94B5C51120A7833A00817D70 /* AppDelegate.swift in Sources */ = {isa = PBXBuildFile; fileRef = 94B5C51020A7833A00817D70 /* AppDelegate.swift */; };
		94B5C51620A7833A00817D70 /* Main.storyboard in Resources */ = {isa = PBXBuildFile; fileRef = 94B5C51420A7833A00817D70 /* Main.storyboard */; };
		94B5C51920A7833A00817D70 /* Actions.sks in Resources */ = {isa = PBXBuildFile; fileRef = 94B5C4E620A7833800817D70 /* Actions.sks */; };
		94B5C51A20A7833A00817D70 /* Actions.sks in Resources */ = {isa = PBXBuildFile; fileRef = 94B5C4E620A7833800817D70 /* Actions.sks */; };
		94B5C51C20A7833A00817D70 /* GameScene.sks in Resources */ = {isa = PBXBuildFile; fileRef = 94B5C4E720A7833800817D70 /* GameScene.sks */; };
		94B5C51D20A7833A00817D70 /* GameScene.sks in Resources */ = {isa = PBXBuildFile; fileRef = 94B5C4E720A7833800817D70 /* GameScene.sks */; };
		94B5C51E20A7833A00817D70 /* GameScene.swift in Sources */ = {isa = PBXBuildFile; fileRef = 94B5C4E820A7833800817D70 /* GameScene.swift */; };
		94B5C51F20A7833A00817D70 /* GameScene.swift in Sources */ = {isa = PBXBuildFile; fileRef = 94B5C4E820A7833800817D70 /* GameScene.swift */; };
		94B5C52020A7833A00817D70 /* GameScene.swift in Sources */ = {isa = PBXBuildFile; fileRef = 94B5C4E820A7833800817D70 /* GameScene.swift */; };
		94B5C52120A7833A00817D70 /* Assets.xcassets in Resources */ = {isa = PBXBuildFile; fileRef = 94B5C4E920A7833A00817D70 /* Assets.xcassets */; };
		94B5C52220A7833A00817D70 /* Assets.xcassets in Resources */ = {isa = PBXBuildFile; fileRef = 94B5C4E920A7833A00817D70 /* Assets.xcassets */; };
		94B5C52320A7833A00817D70 /* Assets.xcassets in Resources */ = {isa = PBXBuildFile; fileRef = 94B5C4E920A7833A00817D70 /* Assets.xcassets */; };
		94B5C53C20A7871700817D70 /* MenuController.xib in Resources */ = {isa = PBXBuildFile; fileRef = 94B5C53B20A7871700817D70 /* MenuController.xib */; };
		94B5C53E20A7872100817D70 /* GameController.xib in Resources */ = {isa = PBXBuildFile; fileRef = 94B5C53D20A7872100817D70 /* GameController.xib */; };
		94B5C54020A7872D00817D70 /* OptionsController.xib in Resources */ = {isa = PBXBuildFile; fileRef = 94B5C53F20A7872D00817D70 /* OptionsController.xib */; };
		94B5C54220A7878E00817D70 /* BaseAppDelegate.swift in Sources */ = {isa = PBXBuildFile; fileRef = 94B5C54120A7878E00817D70 /* BaseAppDelegate.swift */; };
		94B5C54520A788AA00817D70 /* MultipeerConnectivity.framework in Frameworks */ = {isa = PBXBuildFile; fileRef = 94B5C54420A788AA00817D70 /* MultipeerConnectivity.framework */; };
		94B5C54620A788CC00817D70 /* MenuController.swift in Sources */ = {isa = PBXBuildFile; fileRef = 94B5C53120A786C300817D70 /* MenuController.swift */; };
		94B5C54720A788EA00817D70 /* BaseController.swift in Sources */ = {isa = PBXBuildFile; fileRef = 94B5C53A20A786C300817D70 /* BaseController.swift */; };
		94B5C54820A788EA00817D70 /* Game.swift in Sources */ = {isa = PBXBuildFile; fileRef = 94B5C53720A786C300817D70 /* Game.swift */; };
		94B5C54A20A788EA00817D70 /* GameController.swift in Sources */ = {isa = PBXBuildFile; fileRef = 94B5C53420A786C300817D70 /* GameController.swift */; };
		94B5C54B20A788EA00817D70 /* InsetLabel.swift in Sources */ = {isa = PBXBuildFile; fileRef = 94B5C53520A786C300817D70 /* InsetLabel.swift */; };
		94B5C54C20A788EA00817D70 /* Multiplayer.swift in Sources */ = {isa = PBXBuildFile; fileRef = 94B5C53220A786C300817D70 /* Multiplayer.swift */; };
		94B5C54D20A788EA00817D70 /* NearbyServiceManager.swift in Sources */ = {isa = PBXBuildFile; fileRef = 94B5C53920A786C300817D70 /* NearbyServiceManager.swift */; };
		94B5C54E20A788EA00817D70 /* OptionsController.swift in Sources */ = {isa = PBXBuildFile; fileRef = 94B5C53320A786C300817D70 /* OptionsController.swift */; };
		94B5C54F20A788EA00817D70 /* Packets.swift in Sources */ = {isa = PBXBuildFile; fileRef = 94B5C52F20A786C300817D70 /* Packets.swift */; };
		94B5C55020A788EA00817D70 /* Settings.swift in Sources */ = {isa = PBXBuildFile; fileRef = 94B5C53020A786C300817D70 /* Settings.swift */; };
		94B5C55120A788EA00817D70 /* UIDevice+Resolutions.swift in Sources */ = {isa = PBXBuildFile; fileRef = 94B5C53620A786C300817D70 /* UIDevice+Resolutions.swift */; };
/* End PBXBuildFile section */

/* Begin PBXFileReference section */
		94B5C4E620A7833800817D70 /* Actions.sks */ = {isa = PBXFileReference; lastKnownFileType = file.sks; path = Actions.sks; sourceTree = "<group>"; };
		94B5C4E720A7833800817D70 /* GameScene.sks */ = {isa = PBXFileReference; lastKnownFileType = file.sks; path = GameScene.sks; sourceTree = "<group>"; };
		94B5C4E820A7833800817D70 /* GameScene.swift */ = {isa = PBXFileReference; lastKnownFileType = sourcecode.swift; path = GameScene.swift; sourceTree = "<group>"; };
		94B5C4E920A7833A00817D70 /* Assets.xcassets */ = {isa = PBXFileReference; lastKnownFileType = folder.assetcatalog; path = Assets.xcassets; sourceTree = "<group>"; };
		94B5C4EE20A7833A00817D70 /* p0ng.app */ = {isa = PBXFileReference; explicitFileType = wrapper.application; includeInIndex = 0; path = p0ng.app; sourceTree = BUILT_PRODUCTS_DIR; };
		94B5C4F120A7833A00817D70 /* AppDelegate.swift */ = {isa = PBXFileReference; lastKnownFileType = sourcecode.swift; path = AppDelegate.swift; sourceTree = "<group>"; };
		94B5C4FB20A7833A00817D70 /* Info.plist */ = {isa = PBXFileReference; lastKnownFileType = text.plist.xml; path = Info.plist; sourceTree = "<group>"; };
		94B5C50020A7833A00817D70 /* p0ng.app */ = {isa = PBXFileReference; explicitFileType = wrapper.application; includeInIndex = 0; path = p0ng.app; sourceTree = BUILT_PRODUCTS_DIR; };
		94B5C50220A7833A00817D70 /* AppDelegate.swift */ = {isa = PBXFileReference; lastKnownFileType = sourcecode.swift; path = AppDelegate.swift; sourceTree = "<group>"; };
		94B5C50920A7833A00817D70 /* Info.plist */ = {isa = PBXFileReference; lastKnownFileType = text.plist.xml; path = Info.plist; sourceTree = "<group>"; };
		94B5C50E20A7833A00817D70 /* p0ng.app */ = {isa = PBXFileReference; explicitFileType = wrapper.application; includeInIndex = 0; path = p0ng.app; sourceTree = BUILT_PRODUCTS_DIR; };
		94B5C51020A7833A00817D70 /* AppDelegate.swift */ = {isa = PBXFileReference; lastKnownFileType = sourcecode.swift; path = AppDelegate.swift; sourceTree = "<group>"; };
		94B5C51520A7833A00817D70 /* Base */ = {isa = PBXFileReference; lastKnownFileType = file.storyboard; name = Base; path = Base.lproj/Main.storyboard; sourceTree = "<group>"; };
		94B5C51720A7833A00817D70 /* Info.plist */ = {isa = PBXFileReference; lastKnownFileType = text.plist.xml; path = Info.plist; sourceTree = "<group>"; };
		94B5C52F20A786C300817D70 /* Packets.swift */ = {isa = PBXFileReference; lastKnownFileType = sourcecode.swift; path = Packets.swift; sourceTree = "<group>"; };
		94B5C53020A786C300817D70 /* Settings.swift */ = {isa = PBXFileReference; lastKnownFileType = sourcecode.swift; path = Settings.swift; sourceTree = "<group>"; };
		94B5C53120A786C300817D70 /* MenuController.swift */ = {isa = PBXFileReference; lastKnownFileType = sourcecode.swift; path = MenuController.swift; sourceTree = "<group>"; };
		94B5C53220A786C300817D70 /* Multiplayer.swift */ = {isa = PBXFileReference; lastKnownFileType = sourcecode.swift; path = Multiplayer.swift; sourceTree = "<group>"; };
		94B5C53320A786C300817D70 /* OptionsController.swift */ = {isa = PBXFileReference; lastKnownFileType = sourcecode.swift; path = OptionsController.swift; sourceTree = "<group>"; };
		94B5C53420A786C300817D70 /* GameController.swift */ = {isa = PBXFileReference; lastKnownFileType = sourcecode.swift; path = GameController.swift; sourceTree = "<group>"; };
		94B5C53520A786C300817D70 /* InsetLabel.swift */ = {isa = PBXFileReference; lastKnownFileType = sourcecode.swift; path = InsetLabel.swift; sourceTree = "<group>"; };
		94B5C53620A786C300817D70 /* UIDevice+Resolutions.swift */ = {isa = PBXFileReference; lastKnownFileType = sourcecode.swift; path = "UIDevice+Resolutions.swift"; sourceTree = "<group>"; };
		94B5C53720A786C300817D70 /* Game.swift */ = {isa = PBXFileReference; lastKnownFileType = sourcecode.swift; path = Game.swift; sourceTree = "<group>"; };
		94B5C53920A786C300817D70 /* NearbyServiceManager.swift */ = {isa = PBXFileReference; lastKnownFileType = sourcecode.swift; path = NearbyServiceManager.swift; sourceTree = "<group>"; };
		94B5C53A20A786C300817D70 /* BaseController.swift */ = {isa = PBXFileReference; lastKnownFileType = sourcecode.swift; path = BaseController.swift; sourceTree = "<group>"; };
		94B5C53B20A7871700817D70 /* MenuController.xib */ = {isa = PBXFileReference; fileEncoding = 4; lastKnownFileType = file.xib; path = MenuController.xib; sourceTree = "<group>"; };
		94B5C53D20A7872100817D70 /* GameController.xib */ = {isa = PBXFileReference; fileEncoding = 4; lastKnownFileType = file.xib; path = GameController.xib; sourceTree = "<group>"; };
		94B5C53F20A7872D00817D70 /* OptionsController.xib */ = {isa = PBXFileReference; fileEncoding = 4; lastKnownFileType = file.xib; path = OptionsController.xib; sourceTree = "<group>"; };
		94B5C54120A7878E00817D70 /* BaseAppDelegate.swift */ = {isa = PBXFileReference; fileEncoding = 4; lastKnownFileType = sourcecode.swift; path = BaseAppDelegate.swift; sourceTree = "<group>"; };
		94B5C54420A788AA00817D70 /* MultipeerConnectivity.framework */ = {isa = PBXFileReference; lastKnownFileType = wrapper.framework; name = MultipeerConnectivity.framework; path = Platforms/iPhoneOS.platform/Developer/SDKs/iPhoneOS11.3.sdk/System/Library/Frameworks/MultipeerConnectivity.framework; sourceTree = DEVELOPER_DIR; };
/* End PBXFileReference section */

/* Begin PBXFrameworksBuildPhase section */
		94B5C4EB20A7833A00817D70 /* Frameworks */ = {
			isa = PBXFrameworksBuildPhase;
			buildActionMask = 2147483647;
			files = (
				94B5C54520A788AA00817D70 /* MultipeerConnectivity.framework in Frameworks */,
			);
			runOnlyForDeploymentPostprocessing = 0;
		};
		94B5C4FD20A7833A00817D70 /* Frameworks */ = {
			isa = PBXFrameworksBuildPhase;
			buildActionMask = 2147483647;
			files = (
			);
			runOnlyForDeploymentPostprocessing = 0;
		};
		94B5C50B20A7833A00817D70 /* Frameworks */ = {
			isa = PBXFrameworksBuildPhase;
			buildActionMask = 2147483647;
			files = (
			);
			runOnlyForDeploymentPostprocessing = 0;
		};
/* End PBXFrameworksBuildPhase section */

/* Begin PBXGroup section */
		94B5C4E020A7833800817D70 = {
			isa = PBXGroup;
			children = (
				94B5C4E520A7833800817D70 /* shared */,
				94B5C4F020A7833A00817D70 /* iOS */,
				94B5C50120A7833A00817D70 /* tvOS */,
				94B5C50F20A7833A00817D70 /* macOS */,
				94B5C4EF20A7833A00817D70 /* Products */,
				94B5C54320A788AA00817D70 /* Frameworks */,
			);
			sourceTree = "<group>";
		};
		94B5C4E520A7833800817D70 /* shared */ = {
			isa = PBXGroup;
			children = (
				94B5C54120A7878E00817D70 /* BaseAppDelegate.swift */,
				94B5C53A20A786C300817D70 /* BaseController.swift */,
				94B5C53720A786C300817D70 /* Game.swift */,
				94B5C53420A786C300817D70 /* GameController.swift */,
				94B5C53520A786C300817D70 /* InsetLabel.swift */,
				94B5C53120A786C300817D70 /* MenuController.swift */,
				94B5C53220A786C300817D70 /* Multiplayer.swift */,
				94B5C53920A786C300817D70 /* NearbyServiceManager.swift */,
				94B5C53320A786C300817D70 /* OptionsController.swift */,
				94B5C52F20A786C300817D70 /* Packets.swift */,
				94B5C53020A786C300817D70 /* Settings.swift */,
				94B5C53620A786C300817D70 /* UIDevice+Resolutions.swift */,
				94B5C4E620A7833800817D70 /* Actions.sks */,
				94B5C4E720A7833800817D70 /* GameScene.sks */,
				94B5C4E820A7833800817D70 /* GameScene.swift */,
				94B5C4E920A7833A00817D70 /* Assets.xcassets */,
			);
			path = shared;
			sourceTree = "<group>";
		};
		94B5C4EF20A7833A00817D70 /* Products */ = {
			isa = PBXGroup;
			children = (
				94B5C4EE20A7833A00817D70 /* p0ng.app */,
				94B5C50020A7833A00817D70 /* p0ng.app */,
				94B5C50E20A7833A00817D70 /* p0ng.app */,
			);
			name = Products;
			sourceTree = "<group>";
		};
		94B5C4F020A7833A00817D70 /* iOS */ = {
			isa = PBXGroup;
			children = (
				94B5C53F20A7872D00817D70 /* OptionsController.xib */,
				94B5C53D20A7872100817D70 /* GameController.xib */,
				94B5C53B20A7871700817D70 /* MenuController.xib */,
				94B5C4F120A7833A00817D70 /* AppDelegate.swift */,
				94B5C4FB20A7833A00817D70 /* Info.plist */,
			);
			path = iOS;
			sourceTree = "<group>";
		};
		94B5C50120A7833A00817D70 /* tvOS */ = {
			isa = PBXGroup;
			children = (
				94B5C50220A7833A00817D70 /* AppDelegate.swift */,
				94B5C50920A7833A00817D70 /* Info.plist */,
			);
			path = tvOS;
			sourceTree = "<group>";
		};
		94B5C50F20A7833A00817D70 /* macOS */ = {
			isa = PBXGroup;
			children = (
				94B5C51020A7833A00817D70 /* AppDelegate.swift */,
				94B5C51420A7833A00817D70 /* Main.storyboard */,
				94B5C51720A7833A00817D70 /* Info.plist */,
			);
			path = macOS;
			sourceTree = "<group>";
		};
		94B5C54320A788AA00817D70 /* Frameworks */ = {
			isa = PBXGroup;
			children = (
				94B5C54420A788AA00817D70 /* MultipeerConnectivity.framework */,
			);
			name = Frameworks;
			sourceTree = "<group>";
		};
/* End PBXGroup section */

/* Begin PBXNativeTarget section */
		94B5C4ED20A7833A00817D70 /* p0ng iOS */ = {
			isa = PBXNativeTarget;
			buildConfigurationList = 94B5C52620A7833A00817D70 /* Build configuration list for PBXNativeTarget "p0ng iOS" */;
			buildPhases = (
				94B5C4EA20A7833A00817D70 /* Sources */,
				94B5C4EB20A7833A00817D70 /* Frameworks */,
				94B5C4EC20A7833A00817D70 /* Resources */,
			);
			buildRules = (
			);
			dependencies = (
			);
			name = "p0ng iOS";
			productName = "p0ng iOS";
			productReference = 94B5C4EE20A7833A00817D70 /* p0ng.app */;
			productType = "com.apple.product-type.application";
		};
		94B5C4FF20A7833A00817D70 /* p0ng tvOS */ = {
			isa = PBXNativeTarget;
			buildConfigurationList = 94B5C52920A7833A00817D70 /* Build configuration list for PBXNativeTarget "p0ng tvOS" */;
			buildPhases = (
				94B5C4FC20A7833A00817D70 /* Sources */,
				94B5C4FD20A7833A00817D70 /* Frameworks */,
				94B5C4FE20A7833A00817D70 /* Resources */,
			);
			buildRules = (
			);
			dependencies = (
			);
			name = "p0ng tvOS";
			productName = "p0ng tvOS";
			productReference = 94B5C50020A7833A00817D70 /* p0ng.app */;
			productType = "com.apple.product-type.application";
		};
		94B5C50D20A7833A00817D70 /* p0ng macOS */ = {
			isa = PBXNativeTarget;
			buildConfigurationList = 94B5C52C20A7833A00817D70 /* Build configuration list for PBXNativeTarget "p0ng macOS" */;
			buildPhases = (
				94B5C50A20A7833A00817D70 /* Sources */,
				94B5C50B20A7833A00817D70 /* Frameworks */,
				94B5C50C20A7833A00817D70 /* Resources */,
			);
			buildRules = (
			);
			dependencies = (
			);
			name = "p0ng macOS";
			productName = "p0ng macOS";
			productReference = 94B5C50E20A7833A00817D70 /* p0ng.app */;
			productType = "com.apple.product-type.application";
		};
/* End PBXNativeTarget section */

/* Begin PBXProject section */
		94B5C4E120A7833800817D70 /* Project object */ = {
			isa = PBXProject;
			attributes = {
				LastSwiftUpdateCheck = 0930;
				LastUpgradeCheck = 0930;
				ORGANIZATIONNAME = "Micrantha Software";
				TargetAttributes = {
					94B5C4ED20A7833A00817D70 = {
						CreatedOnToolsVersion = 9.3;
					};
					94B5C4FF20A7833A00817D70 = {
						CreatedOnToolsVersion = 9.3;
					};
					94B5C50D20A7833A00817D70 = {
						CreatedOnToolsVersion = 9.3;
					};
				};
			};
			buildConfigurationList = 94B5C4E420A7833800817D70 /* Build configuration list for PBXProject "p0ng" */;
			compatibilityVersion = "Xcode 9.3";
			developmentRegion = en;
			hasScannedForEncodings = 0;
			knownRegions = (
				en,
				Base,
			);
			mainGroup = 94B5C4E020A7833800817D70;
			productRefGroup = 94B5C4EF20A7833A00817D70 /* Products */;
			projectDirPath = "";
			projectRoot = "";
			targets = (
				94B5C4ED20A7833A00817D70 /* p0ng iOS */,
				94B5C4FF20A7833A00817D70 /* p0ng tvOS */,
				94B5C50D20A7833A00817D70 /* p0ng macOS */,
			);
		};
/* End PBXProject section */

/* Begin PBXResourcesBuildPhase section */
		94B5C4EC20A7833A00817D70 /* Resources */ = {
			isa = PBXResourcesBuildPhase;
			buildActionMask = 2147483647;
			files = (
				94B5C53C20A7871700817D70 /* MenuController.xib in Resources */,
				94B5C53E20A7872100817D70 /* GameController.xib in Resources */,
				94B5C54020A7872D00817D70 /* OptionsController.xib in Resources */,
				94B5C52120A7833A00817D70 /* Assets.xcassets in Resources */,
			);
			runOnlyForDeploymentPostprocessing = 0;
		};
		94B5C4FE20A7833A00817D70 /* Resources */ = {
			isa = PBXResourcesBuildPhase;
			buildActionMask = 2147483647;
			files = (
				94B5C51C20A7833A00817D70 /* GameScene.sks in Resources */,
				94B5C52220A7833A00817D70 /* Assets.xcassets in Resources */,
				94B5C51920A7833A00817D70 /* Actions.sks in Resources */,
			);
			runOnlyForDeploymentPostprocessing = 0;
		};
		94B5C50C20A7833A00817D70 /* Resources */ = {
			isa = PBXResourcesBuildPhase;
			buildActionMask = 2147483647;
			files = (
				94B5C51620A7833A00817D70 /* Main.storyboard in Resources */,
				94B5C51D20A7833A00817D70 /* GameScene.sks in Resources */,
				94B5C52320A7833A00817D70 /* Assets.xcassets in Resources */,
				94B5C51A20A7833A00817D70 /* Actions.sks in Resources */,
			);
			runOnlyForDeploymentPostprocessing = 0;
		};
/* End PBXResourcesBuildPhase section */

/* Begin PBXSourcesBuildPhase section */
		94B5C4EA20A7833A00817D70 /* Sources */ = {
			isa = PBXSourcesBuildPhase;
			buildActionMask = 2147483647;
			files = (
				94B5C54720A788EA00817D70 /* BaseController.swift in Sources */,
				94B5C54820A788EA00817D70 /* Game.swift in Sources */,
				94B5C54A20A788EA00817D70 /* GameController.swift in Sources */,
				94B5C54B20A788EA00817D70 /* InsetLabel.swift in Sources */,
				94B5C54C20A788EA00817D70 /* Multiplayer.swift in Sources */,
				94B5C54D20A788EA00817D70 /* NearbyServiceManager.swift in Sources */,
				94B5C54E20A788EA00817D70 /* OptionsController.swift in Sources */,
				94B5C54F20A788EA00817D70 /* Packets.swift in Sources */,
				94B5C55020A788EA00817D70 /* Settings.swift in Sources */,
				94B5C55120A788EA00817D70 /* UIDevice+Resolutions.swift in Sources */,
				94B5C54620A788CC00817D70 /* MenuController.swift in Sources */,
				94B5C54220A7878E00817D70 /* BaseAppDelegate.swift in Sources */,
				94B5C51E20A7833A00817D70 /* GameScene.swift in Sources */,
				94B5C4F220A7833A00817D70 /* AppDelegate.swift in Sources */,
			);
			runOnlyForDeploymentPostprocessing = 0;
		};
		94B5C4FC20A7833A00817D70 /* Sources */ = {
			isa = PBXSourcesBuildPhase;
			buildActionMask = 2147483647;
			files = (
				94B5C51F20A7833A00817D70 /* GameScene.swift in Sources */,
				94B5C50320A7833A00817D70 /* AppDelegate.swift in Sources */,
			);
			runOnlyForDeploymentPostprocessing = 0;
		};
		94B5C50A20A7833A00817D70 /* Sources */ = {
			isa = PBXSourcesBuildPhase;
			buildActionMask = 2147483647;
			files = (
				94B5C52020A7833A00817D70 /* GameScene.swift in Sources */,
				94B5C51120A7833A00817D70 /* AppDelegate.swift in Sources */,
			);
			runOnlyForDeploymentPostprocessing = 0;
		};
/* End PBXSourcesBuildPhase section */

/* Begin PBXVariantGroup section */
		94B5C51420A7833A00817D70 /* Main.storyboard */ = {
			isa = PBXVariantGroup;
			children = (
				94B5C51520A7833A00817D70 /* Base */,
			);
			name = Main.storyboard;
			sourceTree = "<group>";
		};
/* End PBXVariantGroup section */

/* Begin XCBuildConfiguration section */
		94B5C52420A7833A00817D70 /* Debug */ = {
			isa = XCBuildConfiguration;
			buildSettings = {
				ALWAYS_SEARCH_USER_PATHS = NO;
				CLANG_ANALYZER_NONNULL = YES;
				CLANG_ANALYZER_NUMBER_OBJECT_CONVERSION = YES_AGGRESSIVE;
				CLANG_CXX_LANGUAGE_STANDARD = "gnu++14";
				CLANG_CXX_LIBRARY = "libc++";
				CLANG_ENABLE_MODULES = YES;
				CLANG_ENABLE_OBJC_ARC = YES;
				CLANG_ENABLE_OBJC_WEAK = YES;
				CLANG_WARN_BLOCK_CAPTURE_AUTORELEASING = YES;
				CLANG_WARN_BOOL_CONVERSION = YES;
				CLANG_WARN_COMMA = YES;
				CLANG_WARN_CONSTANT_CONVERSION = YES;
				CLANG_WARN_DEPRECATED_OBJC_IMPLEMENTATIONS = YES;
				CLANG_WARN_DIRECT_OBJC_ISA_USAGE = YES_ERROR;
				CLANG_WARN_DOCUMENTATION_COMMENTS = YES;
				CLANG_WARN_EMPTY_BODY = YES;
				CLANG_WARN_ENUM_CONVERSION = YES;
				CLANG_WARN_INFINITE_RECURSION = YES;
				CLANG_WARN_INT_CONVERSION = YES;
				CLANG_WARN_NON_LITERAL_NULL_CONVERSION = YES;
				CLANG_WARN_OBJC_IMPLICIT_RETAIN_SELF = YES;
				CLANG_WARN_OBJC_LITERAL_CONVERSION = YES;
				CLANG_WARN_OBJC_ROOT_CLASS = YES_ERROR;
				CLANG_WARN_RANGE_LOOP_ANALYSIS = YES;
				CLANG_WARN_STRICT_PROTOTYPES = YES;
				CLANG_WARN_SUSPICIOUS_MOVE = YES;
				CLANG_WARN_UNGUARDED_AVAILABILITY = YES_AGGRESSIVE;
				CLANG_WARN_UNREACHABLE_CODE = YES;
				CLANG_WARN__DUPLICATE_METHOD_MATCH = YES;
				COPY_PHASE_STRIP = NO;
				DEBUG_INFORMATION_FORMAT = dwarf;
				ENABLE_STRICT_OBJC_MSGSEND = YES;
				ENABLE_TESTABILITY = YES;
				GCC_C_LANGUAGE_STANDARD = gnu11;
				GCC_DYNAMIC_NO_PIC = NO;
				GCC_NO_COMMON_BLOCKS = YES;
				GCC_OPTIMIZATION_LEVEL = 0;
				GCC_PREPROCESSOR_DEFINITIONS = (
					"DEBUG=1",
					"$(inherited)",
				);
				GCC_WARN_64_TO_32_BIT_CONVERSION = YES;
				GCC_WARN_ABOUT_RETURN_TYPE = YES_ERROR;
				GCC_WARN_UNDECLARED_SELECTOR = YES;
				GCC_WARN_UNINITIALIZED_AUTOS = YES_AGGRESSIVE;
				GCC_WARN_UNUSED_FUNCTION = YES;
				GCC_WARN_UNUSED_VARIABLE = YES;
				MTL_ENABLE_DEBUG_INFO = YES;
				ONLY_ACTIVE_ARCH = YES;
				SWIFT_ACTIVE_COMPILATION_CONDITIONS = DEBUG;
				SWIFT_OPTIMIZATION_LEVEL = "-Onone";
			};
			name = Debug;
		};
		94B5C52520A7833A00817D70 /* Release */ = {
			isa = XCBuildConfiguration;
			buildSettings = {
				ALWAYS_SEARCH_USER_PATHS = NO;
				CLANG_ANALYZER_NONNULL = YES;
				CLANG_ANALYZER_NUMBER_OBJECT_CONVERSION = YES_AGGRESSIVE;
				CLANG_CXX_LANGUAGE_STANDARD = "gnu++14";
				CLANG_CXX_LIBRARY = "libc++";
				CLANG_ENABLE_MODULES = YES;
				CLANG_ENABLE_OBJC_ARC = YES;
				CLANG_ENABLE_OBJC_WEAK = YES;
				CLANG_WARN_BLOCK_CAPTURE_AUTORELEASING = YES;
				CLANG_WARN_BOOL_CONVERSION = YES;
				CLANG_WARN_COMMA = YES;
				CLANG_WARN_CONSTANT_CONVERSION = YES;
				CLANG_WARN_DEPRECATED_OBJC_IMPLEMENTATIONS = YES;
				CLANG_WARN_DIRECT_OBJC_ISA_USAGE = YES_ERROR;
				CLANG_WARN_DOCUMENTATION_COMMENTS = YES;
				CLANG_WARN_EMPTY_BODY = YES;
				CLANG_WARN_ENUM_CONVERSION = YES;
				CLANG_WARN_INFINITE_RECURSION = YES;
				CLANG_WARN_INT_CONVERSION = YES;
				CLANG_WARN_NON_LITERAL_NULL_CONVERSION = YES;
				CLANG_WARN_OBJC_IMPLICIT_RETAIN_SELF = YES;
				CLANG_WARN_OBJC_LITERAL_CONVERSION = YES;
				CLANG_WARN_OBJC_ROOT_CLASS = YES_ERROR;
				CLANG_WARN_RANGE_LOOP_ANALYSIS = YES;
				CLANG_WARN_STRICT_PROTOTYPES = YES;
				CLANG_WARN_SUSPICIOUS_MOVE = YES;
				CLANG_WARN_UNGUARDED_AVAILABILITY = YES_AGGRESSIVE;
				CLANG_WARN_UNREACHABLE_CODE = YES;
				CLANG_WARN__DUPLICATE_METHOD_MATCH = YES;
				COPY_PHASE_STRIP = NO;
				DEBUG_INFORMATION_FORMAT = "dwarf-with-dsym";
				ENABLE_NS_ASSERTIONS = NO;
				ENABLE_STRICT_OBJC_MSGSEND = YES;
				GCC_C_LANGUAGE_STANDARD = gnu11;
				GCC_NO_COMMON_BLOCKS = YES;
				GCC_WARN_64_TO_32_BIT_CONVERSION = YES;
				GCC_WARN_ABOUT_RETURN_TYPE = YES_ERROR;
				GCC_WARN_UNDECLARED_SELECTOR = YES;
				GCC_WARN_UNINITIALIZED_AUTOS = YES_AGGRESSIVE;
				GCC_WARN_UNUSED_FUNCTION = YES;
				GCC_WARN_UNUSED_VARIABLE = YES;
				MTL_ENABLE_DEBUG_INFO = NO;
				SWIFT_COMPILATION_MODE = wholemodule;
				SWIFT_OPTIMIZATION_LEVEL = "-O";
			};
			name = Release;
		};
		94B5C52720A7833A00817D70 /* Debug */ = {
			isa = XCBuildConfiguration;
			buildSettings = {
				ASSETCATALOG_COMPILER_APPICON_NAME = AppIcon;
				ASSETCATALOG_COMPILER_LAUNCHIMAGE_NAME = LaunchImage;
				CODE_SIGN_IDENTITY = "iPhone Developer";
				CODE_SIGN_STYLE = Automatic;
				DEVELOPMENT_TEAM = FKL5L3E8N8;
				INFOPLIST_FILE = "$(SRCROOT)/iOS/Info.plist";
				IPHONEOS_DEPLOYMENT_TARGET = 11.3;
				LD_RUNPATH_SEARCH_PATHS = (
					"$(inherited)",
					"@executable_path/Frameworks",
				);
				PRODUCT_BUNDLE_IDENTIFIER = com.micrantha.p0ng;
				PRODUCT_NAME = p0ng;
				SDKROOT = iphoneos;
				SWIFT_VERSION = 4.0;
				TARGETED_DEVICE_FAMILY = "1,2";
			};
			name = Debug;
		};
		94B5C52820A7833A00817D70 /* Release */ = {
			isa = XCBuildConfiguration;
			buildSettings = {
				ASSETCATALOG_COMPILER_APPICON_NAME = AppIcon;
				ASSETCATALOG_COMPILER_LAUNCHIMAGE_NAME = LaunchImage;
				CODE_SIGN_IDENTITY = "iPhone Developer";
				CODE_SIGN_STYLE = Automatic;
				DEVELOPMENT_TEAM = FKL5L3E8N8;
				INFOPLIST_FILE = "$(SRCROOT)/iOS/Info.plist";
				IPHONEOS_DEPLOYMENT_TARGET = 11.3;
				LD_RUNPATH_SEARCH_PATHS = (
					"$(inherited)",
					"@executable_path/Frameworks",
				);
				PRODUCT_BUNDLE_IDENTIFIER = com.micrantha.p0ng;
				PRODUCT_NAME = p0ng;
				SDKROOT = iphoneos;
				SWIFT_VERSION = 4.0;
				TARGETED_DEVICE_FAMILY = "1,2";
				VALIDATE_PRODUCT = YES;
			};
			name = Release;
		};
		94B5C52A20A7833A00817D70 /* Debug */ = {
			isa = XCBuildConfiguration;
			buildSettings = {
				ASSETCATALOG_COMPILER_APPICON_NAME = "tvOS App Icon & Top Shelf Image";
				ASSETCATALOG_COMPILER_LAUNCHIMAGE_NAME = "tvOS Launch Image";
				CODE_SIGN_STYLE = Automatic;
				DEVELOPMENT_TEAM = FKL5L3E8N8;
				INFOPLIST_FILE = "p0ng tvOS/Info.plist";
				LD_RUNPATH_SEARCH_PATHS = (
					"$(inherited)",
					"@executable_path/Frameworks",
				);
				PRODUCT_BUNDLE_IDENTIFIER = com.micrantha.p0ng;
				PRODUCT_NAME = p0ng;
				SDKROOT = appletvos;
				SWIFT_VERSION = 4.0;
				TARGETED_DEVICE_FAMILY = 3;
				TVOS_DEPLOYMENT_TARGET = 11.3;
			};
			name = Debug;
		};
		94B5C52B20A7833A00817D70 /* Release */ = {
			isa = XCBuildConfiguration;
			buildSettings = {
				ASSETCATALOG_COMPILER_APPICON_NAME = "tvOS App Icon & Top Shelf Image";
				ASSETCATALOG_COMPILER_LAUNCHIMAGE_NAME = "tvOS Launch Image";
				CODE_SIGN_STYLE = Automatic;
				DEVELOPMENT_TEAM = FKL5L3E8N8;
				INFOPLIST_FILE = "p0ng tvOS/Info.plist";
				LD_RUNPATH_SEARCH_PATHS = (
					"$(inherited)",
					"@executable_path/Frameworks",
				);
				PRODUCT_BUNDLE_IDENTIFIER = com.micrantha.p0ng;
				PRODUCT_NAME = p0ng;
				SDKROOT = appletvos;
				SWIFT_VERSION = 4.0;
				TARGETED_DEVICE_FAMILY = 3;
				TVOS_DEPLOYMENT_TARGET = 11.3;
				VALIDATE_PRODUCT = YES;
			};
			name = Release;
		};
		94B5C52D20A7833A00817D70 /* Debug */ = {
			isa = XCBuildConfiguration;
			buildSettings = {
				ASSETCATALOG_COMPILER_APPICON_NAME = AppIcon;
				CODE_SIGN_IDENTITY = "-";
				CODE_SIGN_STYLE = Automatic;
				COMBINE_HIDPI_IMAGES = YES;
				DEVELOPMENT_TEAM = FKL5L3E8N8;
				INFOPLIST_FILE = "p0ng macOS/Info.plist";
				LD_RUNPATH_SEARCH_PATHS = (
					"$(inherited)",
					"@executable_path/../Frameworks",
				);
				MACOSX_DEPLOYMENT_TARGET = 10.13;
				PRODUCT_BUNDLE_IDENTIFIER = com.micrantha.p0ng;
				PRODUCT_NAME = p0ng;
				SDKROOT = macosx;
				SWIFT_VERSION = 4.0;
			};
			name = Debug;
		};
		94B5C52E20A7833A00817D70 /* Release */ = {
			isa = XCBuildConfiguration;
			buildSettings = {
				ASSETCATALOG_COMPILER_APPICON_NAME = AppIcon;
				CODE_SIGN_IDENTITY = "-";
				CODE_SIGN_STYLE = Automatic;
				COMBINE_HIDPI_IMAGES = YES;
				DEVELOPMENT_TEAM = FKL5L3E8N8;
				INFOPLIST_FILE = "p0ng macOS/Info.plist";
				LD_RUNPATH_SEARCH_PATHS = (
					"$(inherited)",
					"@executable_path/../Frameworks",
				);
				MACOSX_DEPLOYMENT_TARGET = 10.13;
				PRODUCT_BUNDLE_IDENTIFIER = com.micrantha.p0ng;
				PRODUCT_NAME = p0ng;
				SDKROOT = macosx;
				SWIFT_VERSION = 4.0;
			};
			name = Release;
		};
/* End XCBuildConfiguration section */

/* Begin XCConfigurationList section */
		94B5C4E420A7833800817D70 /* Build configuration list for PBXProject "p0ng" */ = {
			isa = XCConfigurationList;
			buildConfigurations = (
				94B5C52420A7833A00817D70 /* Debug */,
				94B5C52520A7833A00817D70 /* Release */,
			);
			defaultConfigurationIsVisible = 0;
			defaultConfigurationName = Release;
		};
		94B5C52620A7833A00817D70 /* Build configuration list for PBXNativeTarget "p0ng iOS" */ = {
			isa = XCConfigurationList;
			buildConfigurations = (
				94B5C52720A7833A00817D70 /* Debug */,
				94B5C52820A7833A00817D70 /* Release */,
			);
			defaultConfigurationIsVisible = 0;
			defaultConfigurationName = Release;
		};
		94B5C52920A7833A00817D70 /* Build configuration list for PBXNativeTarget "p0ng tvOS" */ = {
			isa = XCConfigurationList;
			buildConfigurations = (
				94B5C52A20A7833A00817D70 /* Debug */,
				94B5C52B20A7833A00817D70 /* Release */,
			);
			defaultConfigurationIsVisible = 0;
			defaultConfigurationName = Release;
		};
		94B5C52C20A7833A00817D70 /* Build configuration list for PBXNativeTarget "p0ng macOS" */ = {
			isa = XCConfigurationList;
			buildConfigurations = (
				94B5C52D20A7833A00817D70 /* Debug */,
				94B5C52E20A7833A00817D70 /* Release */,
			);
			defaultConfigurationIsVisible = 0;
			defaultConfigurationName = Release;
		};
/* End XCConfigurationList section */
	};
	rootObject = 94B5C4E120A7833800817D70 /* Project object */;
}
