// !$*UTF8*$!
{
	archiveVersion = 1;
	classes = {
	};
	objectVersion = 46;
	objects = {

/* Begin PBXBuildFile section */
		210F4F1C169D39C4008988FD /* UIKit.framework in Frameworks */ = {isa = PBXBuildFile; fileRef = 210F4F1B169D39C4008988FD /* UIKit.framework */; };
		210F4F1E169D39C4008988FD /* Foundation.framework in Frameworks */ = {isa = PBXBuildFile; fileRef = 210F4F1D169D39C4008988FD /* Foundation.framework */; };
		210F4F20169D39C4008988FD /* CoreGraphics.framework in Frameworks */ = {isa = PBXBuildFile; fileRef = 210F4F1F169D39C4008988FD /* CoreGraphics.framework */; };
		210F4F26169D39C4008988FD /* InfoPlist.strings in Resources */ = {isa = PBXBuildFile; fileRef = 210F4F24169D39C4008988FD /* InfoPlist.strings */; };
		210F4F2E169D39C4008988FD /* Default.png in Resources */ = {isa = PBXBuildFile; fileRef = 210F4F2D169D39C4008988FD /* Default.png */; };
		210F4F30169D39C4008988FD /* Default@2x.png in Resources */ = {isa = PBXBuildFile; fileRef = 210F4F2F169D39C4008988FD /* Default@2x.png */; };
		210F4F32169D39C4008988FD /* Default-568h@2x.png in Resources */ = {isa = PBXBuildFile; fileRef = 210F4F31169D39C4008988FD /* Default-568h@2x.png */; };
		210F4F38169D39C4008988FD /* GameController.xib in Resources */ = {isa = PBXBuildFile; fileRef = 210F4F36169D39C4008988FD /* GameController.xib */; };
		210F4F41169D39C4008988FD /* UIKit.framework in Frameworks */ = {isa = PBXBuildFile; fileRef = 210F4F1B169D39C4008988FD /* UIKit.framework */; };
		210F4F42169D39C4008988FD /* Foundation.framework in Frameworks */ = {isa = PBXBuildFile; fileRef = 210F4F1D169D39C4008988FD /* Foundation.framework */; };
		210F4F4A169D39C4008988FD /* InfoPlist.strings in Resources */ = {isa = PBXBuildFile; fileRef = 210F4F48169D39C4008988FD /* InfoPlist.strings */; };
		210F4F4D169D39C4008988FD /* p0ngTests.m in Sources */ = {isa = PBXBuildFile; fileRef = 210F4F4C169D39C4008988FD /* p0ngTests.m */; };
		210F4F74169D3A07008988FD /* ball.png in Resources */ = {isa = PBXBuildFile; fileRef = 210F4F63169D3A07008988FD /* ball.png */; };
		210F4F75169D3A07008988FD /* court.png in Resources */ = {isa = PBXBuildFile; fileRef = 210F4F64169D3A07008988FD /* court.png */; };
		210F4F76169D3A07008988FD /* offthepaddle.wav in Resources */ = {isa = PBXBuildFile; fileRef = 210F4F65169D3A07008988FD /* offthepaddle.wav */; };
		210F4F77169D3A07008988FD /* offthewall.wav in Resources */ = {isa = PBXBuildFile; fileRef = 210F4F66169D3A07008988FD /* offthewall.wav */; };
		210F4F78169D3A07008988FD /* paddle.png in Resources */ = {isa = PBXBuildFile; fileRef = 210F4F67169D3A07008988FD /* paddle.png */; };
		210F4F7A169D3F0B008988FD /* kongtext.ttf in Resources */ = {isa = PBXBuildFile; fileRef = 210F4F79169D3F0B008988FD /* kongtext.ttf */; };
		210F4F84169D61B3008988FD /* GameKit.framework in Frameworks */ = {isa = PBXBuildFile; fileRef = 210F4F83169D61B3008988FD /* GameKit.framework */; };
		2130B07916D03CBA00CB9ABB /* opponent_paddle.png in Resources */ = {isa = PBXBuildFile; fileRef = 2130B07816D03CBA00CB9ABB /* opponent_paddle.png */; };
		2130B07E16D0DC5B00CB9ABB /* AVFoundation.framework in Frameworks */ = {isa = PBXBuildFile; fileRef = 2130B07D16D0DC5B00CB9ABB /* AVFoundation.framework */; };
		2157476B16AE69A500AEA307 /* p0ng.png in Resources */ = {isa = PBXBuildFile; fileRef = 2157476A16AE69A500AEA307 /* p0ng.png */; };
		2157476D16AE6A0400AEA307 /* p0ng-retina.png in Resources */ = {isa = PBXBuildFile; fileRef = 2157476C16AE6A0400AEA307 /* p0ng-retina.png */; };
		21A61AD416ABB55500043D7B /* MenuController.xib in Resources */ = {isa = PBXBuildFile; fileRef = 21A61AD216ABB55500043D7B /* MenuController.xib */; };
		21A61B0D16AC677600043D7B /* home_icon.gif in Resources */ = {isa = PBXBuildFile; fileRef = 21A61B0C16AC677600043D7B /* home_icon.gif */; };
		21C2D6DD16ACAB0000154A5A /* OptionsController.xib in Resources */ = {isa = PBXBuildFile; fileRef = 21C2D6DB16ACAB0000154A5A /* OptionsController.xib */; };
		21C2D6E016ACF7BD00154A5A /* leftarrow.white.png in Resources */ = {isa = PBXBuildFile; fileRef = 21C2D6DF16ACF7BD00154A5A /* leftarrow.white.png */; };
		9491E8951B45B30D00757AC7 /* GameController.swift in Sources */ = {isa = PBXBuildFile; fileRef = 9491E8941B45B30D00757AC7 /* GameController.swift */; };
		9491E8971B45D05F00757AC7 /* Game.swift in Sources */ = {isa = PBXBuildFile; fileRef = 9491E8961B45D05F00757AC7 /* Game.swift */; };
		9491E8991B46120D00757AC7 /* Settings.swift in Sources */ = {isa = PBXBuildFile; fileRef = 9491E8981B46120C00757AC7 /* Settings.swift */; };
		94DABDAF1B46234300297833 /* GameCenter.swift in Sources */ = {isa = PBXBuildFile; fileRef = 94DABDAE1B46234300297833 /* GameCenter.swift */; };
		94DABDB11B46386000297833 /* MenuController.swift in Sources */ = {isa = PBXBuildFile; fileRef = 94DABDB01B46386000297833 /* MenuController.swift */; };
		94DABDB31B463E6D00297833 /* OptionsController.swift in Sources */ = {isa = PBXBuildFile; fileRef = 94DABDB21B463E6D00297833 /* OptionsController.swift */; };
		94DABDB51B4644F000297833 /* InsetLabel.swift in Sources */ = {isa = PBXBuildFile; fileRef = 94DABDB41B4644F000297833 /* InsetLabel.swift */; };
		94DABDB71B4646F300297833 /* AppDelegate.swift in Sources */ = {isa = PBXBuildFile; fileRef = 94DABDB61B4646F300297833 /* AppDelegate.swift */; };
		94DABDB91B464C2600297833 /* BaseController.swift in Sources */ = {isa = PBXBuildFile; fileRef = 94DABDB81B464C2600297833 /* BaseController.swift */; };
		94DABDBB1B4651AF00297833 /* UIDevice+Resolutions.swift in Sources */ = {isa = PBXBuildFile; fileRef = 94DABDBA1B4651AF00297833 /* UIDevice+Resolutions.swift */; };
/* End PBXBuildFile section */

/* Begin PBXContainerItemProxy section */
		210F4F43169D39C4008988FD /* PBXContainerItemProxy */ = {
			isa = PBXContainerItemProxy;
			containerPortal = 210F4F0E169D39C4008988FD /* Project object */;
			proxyType = 1;
			remoteGlobalIDString = 210F4F16169D39C4008988FD;
			remoteInfo = p0ng;
		};
/* End PBXContainerItemProxy section */

/* Begin PBXFileReference section */
		210F4F17169D39C4008988FD /* p0ng.app */ = {isa = PBXFileReference; explicitFileType = wrapper.application; includeInIndex = 0; path = p0ng.app; sourceTree = BUILT_PRODUCTS_DIR; };
		210F4F1B169D39C4008988FD /* UIKit.framework */ = {isa = PBXFileReference; lastKnownFileType = wrapper.framework; name = UIKit.framework; path = System/Library/Frameworks/UIKit.framework; sourceTree = SDKROOT; };
		210F4F1D169D39C4008988FD /* Foundation.framework */ = {isa = PBXFileReference; lastKnownFileType = wrapper.framework; name = Foundation.framework; path = System/Library/Frameworks/Foundation.framework; sourceTree = SDKROOT; };
		210F4F1F169D39C4008988FD /* CoreGraphics.framework */ = {isa = PBXFileReference; lastKnownFileType = wrapper.framework; name = CoreGraphics.framework; path = System/Library/Frameworks/CoreGraphics.framework; sourceTree = SDKROOT; };
		210F4F23169D39C4008988FD /* p0ng-Info.plist */ = {isa = PBXFileReference; lastKnownFileType = text.plist.xml; path = "p0ng-Info.plist"; sourceTree = "<group>"; };
		210F4F25169D39C4008988FD /* en */ = {isa = PBXFileReference; lastKnownFileType = text.plist.strings; name = en; path = en.lproj/InfoPlist.strings; sourceTree = "<group>"; };
		210F4F2D169D39C4008988FD /* Default.png */ = {isa = PBXFileReference; lastKnownFileType = image.png; path = Default.png; sourceTree = "<group>"; };
		210F4F2F169D39C4008988FD /* Default@2x.png */ = {isa = PBXFileReference; lastKnownFileType = image.png; path = "Default@2x.png"; sourceTree = "<group>"; };
		210F4F31169D39C4008988FD /* Default-568h@2x.png */ = {isa = PBXFileReference; lastKnownFileType = image.png; path = "Default-568h@2x.png"; sourceTree = "<group>"; };
		210F4F37169D39C4008988FD /* en */ = {isa = PBXFileReference; lastKnownFileType = file.xib; name = en; path = en.lproj/GameController.xib; sourceTree = "<group>"; };
		210F4F3E169D39C4008988FD /* p0ngTests.xctest */ = {isa = PBXFileReference; explicitFileType = wrapper.cfbundle; includeInIndex = 0; path = p0ngTests.xctest; sourceTree = BUILT_PRODUCTS_DIR; };
		210F4F47169D39C4008988FD /* p0ngTests-Info.plist */ = {isa = PBXFileReference; lastKnownFileType = text.plist.xml; path = "p0ngTests-Info.plist"; sourceTree = "<group>"; };
		210F4F49169D39C4008988FD /* en */ = {isa = PBXFileReference; lastKnownFileType = text.plist.strings; name = en; path = en.lproj/InfoPlist.strings; sourceTree = "<group>"; };
		210F4F4B169D39C4008988FD /* p0ngTests.h */ = {isa = PBXFileReference; lastKnownFileType = sourcecode.c.h; path = p0ngTests.h; sourceTree = "<group>"; };
		210F4F4C169D39C4008988FD /* p0ngTests.m */ = {isa = PBXFileReference; lastKnownFileType = sourcecode.c.objc; path = p0ngTests.m; sourceTree = "<group>"; };
		210F4F63169D3A07008988FD /* ball.png */ = {isa = PBXFileReference; lastKnownFileType = image.png; path = ball.png; sourceTree = "<group>"; };
		210F4F64169D3A07008988FD /* court.png */ = {isa = PBXFileReference; lastKnownFileType = image.png; path = court.png; sourceTree = "<group>"; };
		210F4F65169D3A07008988FD /* offthepaddle.wav */ = {isa = PBXFileReference; lastKnownFileType = audio.wav; path = offthepaddle.wav; sourceTree = "<group>"; };
		210F4F66169D3A07008988FD /* offthewall.wav */ = {isa = PBXFileReference; lastKnownFileType = audio.wav; path = offthewall.wav; sourceTree = "<group>"; };
		210F4F67169D3A07008988FD /* paddle.png */ = {isa = PBXFileReference; lastKnownFileType = image.png; path = paddle.png; sourceTree = "<group>"; };
		210F4F79169D3F0B008988FD /* kongtext.ttf */ = {isa = PBXFileReference; lastKnownFileType = file; path = kongtext.ttf; sourceTree = "<group>"; };
		210F4F83169D61B3008988FD /* GameKit.framework */ = {isa = PBXFileReference; lastKnownFileType = wrapper.framework; name = GameKit.framework; path = System/Library/Frameworks/GameKit.framework; sourceTree = SDKROOT; };
		2130B07616D039B900CB9ABB /* AudioToolbox.framework */ = {isa = PBXFileReference; lastKnownFileType = wrapper.framework; name = AudioToolbox.framework; path = System/Library/Frameworks/AudioToolbox.framework; sourceTree = SDKROOT; };
		2130B07816D03CBA00CB9ABB /* opponent_paddle.png */ = {isa = PBXFileReference; lastKnownFileType = image.png; path = opponent_paddle.png; sourceTree = "<group>"; };
		2130B07D16D0DC5B00CB9ABB /* AVFoundation.framework */ = {isa = PBXFileReference; lastKnownFileType = wrapper.framework; name = AVFoundation.framework; path = System/Library/Frameworks/AVFoundation.framework; sourceTree = SDKROOT; };
		2157476A16AE69A500AEA307 /* p0ng.png */ = {isa = PBXFileReference; lastKnownFileType = image.png; name = p0ng.png; path = ../../p0ng.png; sourceTree = "<group>"; };
		2157476C16AE6A0400AEA307 /* p0ng-retina.png */ = {isa = PBXFileReference; lastKnownFileType = image.png; name = "p0ng-retina.png"; path = "../../p0ng-retina.png"; sourceTree = "<group>"; };
		21A61AD216ABB55500043D7B /* MenuController.xib */ = {isa = PBXFileReference; fileEncoding = 4; lastKnownFileType = file.xib; path = MenuController.xib; sourceTree = "<group>"; };
		21A61B0C16AC677600043D7B /* home_icon.gif */ = {isa = PBXFileReference; lastKnownFileType = image.gif; path = home_icon.gif; sourceTree = "<group>"; };
		21C2D6DB16ACAB0000154A5A /* OptionsController.xib */ = {isa = PBXFileReference; fileEncoding = 4; lastKnownFileType = file.xib; path = OptionsController.xib; sourceTree = "<group>"; };
		21C2D6DF16ACF7BD00154A5A /* leftarrow.white.png */ = {isa = PBXFileReference; lastKnownFileType = image.png; path = leftarrow.white.png; sourceTree = "<group>"; };
		9491E8941B45B30D00757AC7 /* GameController.swift */ = {isa = PBXFileReference; fileEncoding = 4; lastKnownFileType = sourcecode.swift; path = GameController.swift; sourceTree = "<group>"; };
		9491E8961B45D05F00757AC7 /* Game.swift */ = {isa = PBXFileReference; fileEncoding = 4; lastKnownFileType = sourcecode.swift; path = Game.swift; sourceTree = "<group>"; };
		9491E8981B46120C00757AC7 /* Settings.swift */ = {isa = PBXFileReference; fileEncoding = 4; lastKnownFileType = sourcecode.swift; path = Settings.swift; sourceTree = "<group>"; };
		94DABDAE1B46234300297833 /* GameCenter.swift */ = {isa = PBXFileReference; fileEncoding = 4; lastKnownFileType = sourcecode.swift; path = GameCenter.swift; sourceTree = "<group>"; };
		94DABDB01B46386000297833 /* MenuController.swift */ = {isa = PBXFileReference; fileEncoding = 4; lastKnownFileType = sourcecode.swift; path = MenuController.swift; sourceTree = "<group>"; };
		94DABDB21B463E6D00297833 /* OptionsController.swift */ = {isa = PBXFileReference; fileEncoding = 4; lastKnownFileType = sourcecode.swift; path = OptionsController.swift; sourceTree = "<group>"; };
		94DABDB41B4644F000297833 /* InsetLabel.swift */ = {isa = PBXFileReference; fileEncoding = 4; lastKnownFileType = sourcecode.swift; path = InsetLabel.swift; sourceTree = "<group>"; };
		94DABDB61B4646F300297833 /* AppDelegate.swift */ = {isa = PBXFileReference; fileEncoding = 4; lastKnownFileType = sourcecode.swift; path = AppDelegate.swift; sourceTree = "<group>"; };
		94DABDB81B464C2600297833 /* BaseController.swift */ = {isa = PBXFileReference; fileEncoding = 4; lastKnownFileType = sourcecode.swift; path = BaseController.swift; sourceTree = "<group>"; };
		94DABDBA1B4651AF00297833 /* UIDevice+Resolutions.swift */ = {isa = PBXFileReference; fileEncoding = 4; lastKnownFileType = sourcecode.swift; path = "UIDevice+Resolutions.swift"; sourceTree = "<group>"; };
/* End PBXFileReference section */

/* Begin PBXFrameworksBuildPhase section */
		210F4F14169D39C4008988FD /* Frameworks */ = {
			isa = PBXFrameworksBuildPhase;
			buildActionMask = 2147483647;
			files = (
				2130B07E16D0DC5B00CB9ABB /* AVFoundation.framework in Frameworks */,
				210F4F84169D61B3008988FD /* GameKit.framework in Frameworks */,
				210F4F1C169D39C4008988FD /* UIKit.framework in Frameworks */,
				210F4F1E169D39C4008988FD /* Foundation.framework in Frameworks */,
				210F4F20169D39C4008988FD /* CoreGraphics.framework in Frameworks */,
			);
			runOnlyForDeploymentPostprocessing = 0;
		};
		210F4F3A169D39C4008988FD /* Frameworks */ = {
			isa = PBXFrameworksBuildPhase;
			buildActionMask = 2147483647;
			files = (
				210F4F41169D39C4008988FD /* UIKit.framework in Frameworks */,
				210F4F42169D39C4008988FD /* Foundation.framework in Frameworks */,
			);
			runOnlyForDeploymentPostprocessing = 0;
		};
/* End PBXFrameworksBuildPhase section */

/* Begin PBXGroup section */
		210F4F0C169D39C4008988FD = {
			isa = PBXGroup;
			children = (
				2130B07D16D0DC5B00CB9ABB /* AVFoundation.framework */,
				210F4F21169D39C4008988FD /* p0ng */,
				210F4F45169D39C4008988FD /* p0ngTests */,
				210F4F1A169D39C4008988FD /* Frameworks */,
				210F4F18169D39C4008988FD /* Products */,
			);
			sourceTree = "<group>";
		};
		210F4F18169D39C4008988FD /* Products */ = {
			isa = PBXGroup;
			children = (
				210F4F17169D39C4008988FD /* p0ng.app */,
				210F4F3E169D39C4008988FD /* p0ngTests.xctest */,
			);
			name = Products;
			sourceTree = "<group>";
		};
		210F4F1A169D39C4008988FD /* Frameworks */ = {
			isa = PBXGroup;
			children = (
				2130B07616D039B900CB9ABB /* AudioToolbox.framework */,
				210F4F83169D61B3008988FD /* GameKit.framework */,
				210F4F1B169D39C4008988FD /* UIKit.framework */,
				210F4F1D169D39C4008988FD /* Foundation.framework */,
				210F4F1F169D39C4008988FD /* CoreGraphics.framework */,
			);
			name = Frameworks;
			sourceTree = "<group>";
		};
		210F4F21169D39C4008988FD /* p0ng */ = {
			isa = PBXGroup;
			children = (
				210F4F56169D3A07008988FD /* Assets */,
				210F4F22169D39C4008988FD /* Supporting Files */,
				9491E8941B45B30D00757AC7 /* GameController.swift */,
				210F4F36169D39C4008988FD /* GameController.xib */,
				9491E8961B45D05F00757AC7 /* Game.swift */,
				9491E8981B46120C00757AC7 /* Settings.swift */,
				94DABDAE1B46234300297833 /* GameCenter.swift */,
				94DABDB01B46386000297833 /* MenuController.swift */,
				21A61AD216ABB55500043D7B /* MenuController.xib */,
				94DABDB21B463E6D00297833 /* OptionsController.swift */,
				21C2D6DB16ACAB0000154A5A /* OptionsController.xib */,
				94DABDB41B4644F000297833 /* InsetLabel.swift */,
				94DABDB61B4646F300297833 /* AppDelegate.swift */,
				94DABDB81B464C2600297833 /* BaseController.swift */,
				94DABDBA1B4651AF00297833 /* UIDevice+Resolutions.swift */,
			);
			path = p0ng;
			sourceTree = "<group>";
		};
		210F4F22169D39C4008988FD /* Supporting Files */ = {
			isa = PBXGroup;
			children = (
				210F4F23169D39C4008988FD /* p0ng-Info.plist */,
				210F4F24169D39C4008988FD /* InfoPlist.strings */,
				210F4F2D169D39C4008988FD /* Default.png */,
				210F4F2F169D39C4008988FD /* Default@2x.png */,
				210F4F31169D39C4008988FD /* Default-568h@2x.png */,
			);
			name = "Supporting Files";
			sourceTree = "<group>";
		};
		210F4F45169D39C4008988FD /* p0ngTests */ = {
			isa = PBXGroup;
			children = (
				210F4F4B169D39C4008988FD /* p0ngTests.h */,
				210F4F4C169D39C4008988FD /* p0ngTests.m */,
				210F4F46169D39C4008988FD /* Supporting Files */,
			);
			path = p0ngTests;
			sourceTree = "<group>";
		};
		210F4F46169D39C4008988FD /* Supporting Files */ = {
			isa = PBXGroup;
			children = (
				210F4F47169D39C4008988FD /* p0ngTests-Info.plist */,
				210F4F48169D39C4008988FD /* InfoPlist.strings */,
			);
			name = "Supporting Files";
			sourceTree = "<group>";
		};
		210F4F56169D3A07008988FD /* Assets */ = {
			isa = PBXGroup;
			children = (
				2130B07816D03CBA00CB9ABB /* opponent_paddle.png */,
				2157476C16AE6A0400AEA307 /* p0ng-retina.png */,
				2157476A16AE69A500AEA307 /* p0ng.png */,
				21C2D6DF16ACF7BD00154A5A /* leftarrow.white.png */,
				21A61B0C16AC677600043D7B /* home_icon.gif */,
				210F4F79169D3F0B008988FD /* kongtext.ttf */,
				210F4F63169D3A07008988FD /* ball.png */,
				210F4F64169D3A07008988FD /* court.png */,
				210F4F65169D3A07008988FD /* offthepaddle.wav */,
				210F4F66169D3A07008988FD /* offthewall.wav */,
				210F4F67169D3A07008988FD /* paddle.png */,
			);
			path = Assets;
			sourceTree = "<group>";
		};
/* End PBXGroup section */

/* Begin PBXNativeTarget section */
		210F4F16169D39C4008988FD /* p0ng */ = {
			isa = PBXNativeTarget;
			buildConfigurationList = 210F4F50169D39C4008988FD /* Build configuration list for PBXNativeTarget "p0ng" */;
			buildPhases = (
				210F4F13169D39C4008988FD /* Sources */,
				210F4F14169D39C4008988FD /* Frameworks */,
				210F4F15169D39C4008988FD /* Resources */,
			);
			buildRules = (
			);
			dependencies = (
			);
			name = p0ng;
			productName = p0ng;
			productReference = 210F4F17169D39C4008988FD /* p0ng.app */;
			productType = "com.apple.product-type.application";
		};
		210F4F3D169D39C4008988FD /* p0ngTests */ = {
			isa = PBXNativeTarget;
			buildConfigurationList = 210F4F53169D39C4008988FD /* Build configuration list for PBXNativeTarget "p0ngTests" */;
			buildPhases = (
				210F4F39169D39C4008988FD /* Sources */,
				210F4F3A169D39C4008988FD /* Frameworks */,
				210F4F3B169D39C4008988FD /* Resources */,
				210F4F3C169D39C4008988FD /* ShellScript */,
			);
			buildRules = (
			);
			dependencies = (
				210F4F44169D39C4008988FD /* PBXTargetDependency */,
			);
			name = p0ngTests;
			productName = p0ngTests;
			productReference = 210F4F3E169D39C4008988FD /* p0ngTests.xctest */;
			productType = "com.apple.product-type.bundle.unit-test";
		};
/* End PBXNativeTarget section */

/* Begin PBXProject section */
		210F4F0E169D39C4008988FD /* Project object */ = {
			isa = PBXProject;
			attributes = {
				CLASSPREFIX = MS;
				LastSwiftUpdateCheck = 0700;
				LastTestingUpgradeCheck = 0510;
				LastUpgradeCheck = 0930;
				ORGANIZATIONNAME = "micrantha software";
				TargetAttributes = {
					210F4F16169D39C4008988FD = {
						DevelopmentTeam = FKL5L3E8N8;
					};
				};
			};
			buildConfigurationList = 210F4F11169D39C4008988FD /* Build configuration list for PBXProject "p0ng" */;
			compatibilityVersion = "Xcode 3.2";
			developmentRegion = English;
			hasScannedForEncodings = 0;
			knownRegions = (
				en,
			);
			mainGroup = 210F4F0C169D39C4008988FD;
			productRefGroup = 210F4F18169D39C4008988FD /* Products */;
			projectDirPath = "";
			projectRoot = "";
			targets = (
				210F4F16169D39C4008988FD /* p0ng */,
				210F4F3D169D39C4008988FD /* p0ngTests */,
			);
		};
/* End PBXProject section */

/* Begin PBXResourcesBuildPhase section */
		210F4F15169D39C4008988FD /* Resources */ = {
			isa = PBXResourcesBuildPhase;
			buildActionMask = 2147483647;
			files = (
				210F4F26169D39C4008988FD /* InfoPlist.strings in Resources */,
				210F4F2E169D39C4008988FD /* Default.png in Resources */,
				210F4F30169D39C4008988FD /* Default@2x.png in Resources */,
				210F4F32169D39C4008988FD /* Default-568h@2x.png in Resources */,
				210F4F38169D39C4008988FD /* GameController.xib in Resources */,
				210F4F74169D3A07008988FD /* ball.png in Resources */,
				210F4F75169D3A07008988FD /* court.png in Resources */,
				210F4F76169D3A07008988FD /* offthepaddle.wav in Resources */,
				210F4F77169D3A07008988FD /* offthewall.wav in Resources */,
				210F4F78169D3A07008988FD /* paddle.png in Resources */,
				210F4F7A169D3F0B008988FD /* kongtext.ttf in Resources */,
				21A61AD416ABB55500043D7B /* MenuController.xib in Resources */,
				21A61B0D16AC677600043D7B /* home_icon.gif in Resources */,
				21C2D6DD16ACAB0000154A5A /* OptionsController.xib in Resources */,
				21C2D6E016ACF7BD00154A5A /* leftarrow.white.png in Resources */,
				2157476B16AE69A500AEA307 /* p0ng.png in Resources */,
				2157476D16AE6A0400AEA307 /* p0ng-retina.png in Resources */,
				2130B07916D03CBA00CB9ABB /* opponent_paddle.png in Resources */,
			);
			runOnlyForDeploymentPostprocessing = 0;
		};
		210F4F3B169D39C4008988FD /* Resources */ = {
			isa = PBXResourcesBuildPhase;
			buildActionMask = 2147483647;
			files = (
				210F4F4A169D39C4008988FD /* InfoPlist.strings in Resources */,
			);
			runOnlyForDeploymentPostprocessing = 0;
		};
/* End PBXResourcesBuildPhase section */

/* Begin PBXShellScriptBuildPhase section */
		210F4F3C169D39C4008988FD /* ShellScript */ = {
			isa = PBXShellScriptBuildPhase;
			buildActionMask = 2147483647;
			files = (
			);
			inputPaths = (
			);
			outputPaths = (
			);
			runOnlyForDeploymentPostprocessing = 0;
			shellPath = /bin/sh;
			shellScript = "# Run the unit tests in this test bundle.\n\"${SYSTEM_DEVELOPER_DIR}/Tools/RunUnitTests\"\n";
		};
/* End PBXShellScriptBuildPhase section */

/* Begin PBXSourcesBuildPhase section */
		210F4F13169D39C4008988FD /* Sources */ = {
			isa = PBXSourcesBuildPhase;
			buildActionMask = 2147483647;
			files = (
				94DABDB71B4646F300297833 /* AppDelegate.swift in Sources */,
				9491E8951B45B30D00757AC7 /* GameController.swift in Sources */,
				94DABDB91B464C2600297833 /* BaseController.swift in Sources */,
				94DABDAF1B46234300297833 /* GameCenter.swift in Sources */,
				94DABDB11B46386000297833 /* MenuController.swift in Sources */,
				9491E8991B46120D00757AC7 /* Settings.swift in Sources */,
				9491E8971B45D05F00757AC7 /* Game.swift in Sources */,
				94DABDBB1B4651AF00297833 /* UIDevice+Resolutions.swift in Sources */,
				94DABDB31B463E6D00297833 /* OptionsController.swift in Sources */,
				94DABDB51B4644F000297833 /* InsetLabel.swift in Sources */,
			);
			runOnlyForDeploymentPostprocessing = 0;
		};
		210F4F39169D39C4008988FD /* Sources */ = {
			isa = PBXSourcesBuildPhase;
			buildActionMask = 2147483647;
			files = (
				210F4F4D169D39C4008988FD /* p0ngTests.m in Sources */,
			);
			runOnlyForDeploymentPostprocessing = 0;
		};
/* End PBXSourcesBuildPhase section */

/* Begin PBXTargetDependency section */
		210F4F44169D39C4008988FD /* PBXTargetDependency */ = {
			isa = PBXTargetDependency;
			target = 210F4F16169D39C4008988FD /* p0ng */;
			targetProxy = 210F4F43169D39C4008988FD /* PBXContainerItemProxy */;
		};
/* End PBXTargetDependency section */

/* Begin PBXVariantGroup section */
		210F4F24169D39C4008988FD /* InfoPlist.strings */ = {
			isa = PBXVariantGroup;
			children = (
				210F4F25169D39C4008988FD /* en */,
			);
			name = InfoPlist.strings;
			sourceTree = "<group>";
		};
		210F4F36169D39C4008988FD /* GameController.xib */ = {
			isa = PBXVariantGroup;
			children = (
				210F4F37169D39C4008988FD /* en */,
			);
			name = GameController.xib;
			sourceTree = "<group>";
		};
		210F4F48169D39C4008988FD /* InfoPlist.strings */ = {
			isa = PBXVariantGroup;
			children = (
				210F4F49169D39C4008988FD /* en */,
			);
			name = InfoPlist.strings;
			sourceTree = "<group>";
		};
/* End PBXVariantGroup section */

/* Begin XCBuildConfiguration section */
		210F4F4E169D39C4008988FD /* Debug */ = {
			isa = XCBuildConfiguration;
			buildSettings = {
				ALWAYS_SEARCH_USER_PATHS = NO;
				CLANG_CXX_LANGUAGE_STANDARD = "gnu++0x";
				CLANG_CXX_LIBRARY = "libc++";
				CLANG_ENABLE_OBJC_ARC = YES;
				CLANG_WARN_BLOCK_CAPTURE_AUTORELEASING = YES;
				CLANG_WARN_BOOL_CONVERSION = YES;
				CLANG_WARN_COMMA = YES;
				CLANG_WARN_CONSTANT_CONVERSION = YES;
				CLANG_WARN_DEPRECATED_OBJC_IMPLEMENTATIONS = YES;
				CLANG_WARN_EMPTY_BODY = YES;
				CLANG_WARN_ENUM_CONVERSION = YES;
				CLANG_WARN_INFINITE_RECURSION = YES;
				CLANG_WARN_INT_CONVERSION = YES;
				CLANG_WARN_NON_LITERAL_NULL_CONVERSION = YES;
				CLANG_WARN_OBJC_IMPLICIT_RETAIN_SELF = YES;
				CLANG_WARN_OBJC_LITERAL_CONVERSION = YES;
				CLANG_WARN_RANGE_LOOP_ANALYSIS = YES;
				CLANG_WARN_STRICT_PROTOTYPES = YES;
				CLANG_WARN_SUSPICIOUS_MOVE = YES;
				CLANG_WARN_UNREACHABLE_CODE = YES;
				CLANG_WARN__DUPLICATE_METHOD_MATCH = YES;
				"CODE_SIGN_IDENTITY[sdk=iphoneos*]" = "iPhone Developer: Robert Jennings (CLD3EMY3F9)";
				COPY_PHASE_STRIP = NO;
				DEFINES_MODULE = YES;
				ENABLE_STRICT_OBJC_MSGSEND = YES;
				ENABLE_TESTABILITY = YES;
				GCC_C_LANGUAGE_STANDARD = gnu99;
				GCC_DYNAMIC_NO_PIC = NO;
				GCC_NO_COMMON_BLOCKS = YES;
				GCC_OPTIMIZATION_LEVEL = 0;
				GCC_PREPROCESSOR_DEFINITIONS = (
					"DEBUG=1",
					"$(inherited)",
				);
				GCC_SYMBOLS_PRIVATE_EXTERN = NO;
				GCC_WARN_64_TO_32_BIT_CONVERSION = YES;
				GCC_WARN_ABOUT_RETURN_TYPE = YES;
				GCC_WARN_UNDECLARED_SELECTOR = YES;
				GCC_WARN_UNINITIALIZED_AUTOS = YES;
				GCC_WARN_UNUSED_FUNCTION = YES;
				GCC_WARN_UNUSED_VARIABLE = YES;
				IPHONEOS_DEPLOYMENT_TARGET = 8.0;
				MODULE_NAME = "";
				ONLY_ACTIVE_ARCH = YES;
				"PROVISIONING_PROFILE[sdk=iphoneos*]" = "05C4D775-F738-4021-9CA9-1F50B1179C7F";
				SDKROOT = iphoneos;
			};
			name = Debug;
		};
		210F4F4F169D39C4008988FD /* Release */ = {
			isa = XCBuildConfiguration;
			buildSettings = {
				ALWAYS_SEARCH_USER_PATHS = NO;
				CLANG_CXX_LANGUAGE_STANDARD = "gnu++0x";
				CLANG_CXX_LIBRARY = "libc++";
				CLANG_ENABLE_OBJC_ARC = YES;
				CLANG_WARN_BLOCK_CAPTURE_AUTORELEASING = YES;
				CLANG_WARN_BOOL_CONVERSION = YES;
				CLANG_WARN_COMMA = YES;
				CLANG_WARN_CONSTANT_CONVERSION = YES;
				CLANG_WARN_DEPRECATED_OBJC_IMPLEMENTATIONS = YES;
				CLANG_WARN_EMPTY_BODY = YES;
				CLANG_WARN_ENUM_CONVERSION = YES;
				CLANG_WARN_INFINITE_RECURSION = YES;
				CLANG_WARN_INT_CONVERSION = YES;
				CLANG_WARN_NON_LITERAL_NULL_CONVERSION = YES;
				CLANG_WARN_OBJC_IMPLICIT_RETAIN_SELF = YES;
				CLANG_WARN_OBJC_LITERAL_CONVERSION = YES;
				CLANG_WARN_RANGE_LOOP_ANALYSIS = YES;
				CLANG_WARN_STRICT_PROTOTYPES = YES;
				CLANG_WARN_SUSPICIOUS_MOVE = YES;
				CLANG_WARN_UNREACHABLE_CODE = YES;
				CLANG_WARN__DUPLICATE_METHOD_MATCH = YES;
				"CODE_SIGN_IDENTITY[sdk=iphoneos*]" = "iPhone Developer: Robert Jennings (CLD3EMY3F9)";
				COPY_PHASE_STRIP = YES;
				DEFINES_MODULE = YES;
				ENABLE_STRICT_OBJC_MSGSEND = YES;
				GCC_C_LANGUAGE_STANDARD = gnu99;
				GCC_NO_COMMON_BLOCKS = YES;
				GCC_WARN_64_TO_32_BIT_CONVERSION = YES;
				GCC_WARN_ABOUT_RETURN_TYPE = YES;
				GCC_WARN_UNDECLARED_SELECTOR = YES;
				GCC_WARN_UNINITIALIZED_AUTOS = YES;
				GCC_WARN_UNUSED_FUNCTION = YES;
				GCC_WARN_UNUSED_VARIABLE = YES;
				IPHONEOS_DEPLOYMENT_TARGET = 8.0;
				MODULE_NAME = "";
				OTHER_CFLAGS = "-DNS_BLOCK_ASSERTIONS=1";
				"PROVISIONING_PROFILE[sdk=iphoneos*]" = "05C4D775-F738-4021-9CA9-1F50B1179C7F";
				SDKROOT = iphoneos;
				SWIFT_COMPILATION_MODE = wholemodule;
				VALIDATE_PRODUCT = YES;
			};
			name = Release;
		};
		210F4F51169D39C4008988FD /* Debug */ = {
			isa = XCBuildConfiguration;
			buildSettings = {
				CLANG_ENABLE_MODULES = YES;
				CODE_SIGN_IDENTITY = "iPhone Developer";
				"CODE_SIGN_IDENTITY[sdk=iphoneos*]" = "iPhone Developer";
				DEFINES_MODULE = YES;
				GCC_PRECOMPILE_PREFIX_HEADER = YES;
				GCC_PREFIX_HEADER = "p0ng/p0ng-Prefix.pch";
				INFOPLIST_FILE = "p0ng/p0ng-Info.plist";
				IPHONEOS_DEPLOYMENT_TARGET = 8.0;
				LD_RUNPATH_SEARCH_PATHS = "$(inherited) @executable_path/Frameworks";
				PRODUCT_BUNDLE_IDENTIFIER = com.micrantha.p0ng;
				PRODUCT_NAME = "$(TARGET_NAME)";
				PROVISIONING_PROFILE = "";
				"PROVISIONING_PROFILE[sdk=iphoneos*]" = "";
				SWIFT_OBJC_BRIDGING_HEADER = "";
				SWIFT_OPTIMIZATION_LEVEL = "-Onone";
				SWIFT_VERSION = 4.0;
				TARGETED_DEVICE_FAMILY = 1;
				WRAPPER_EXTENSION = app;
			};
			name = Debug;
		};
		210F4F52169D39C4008988FD /* Release */ = {
			isa = XCBuildConfiguration;
			buildSettings = {
				CLANG_ENABLE_MODULES = YES;
				CODE_SIGN_IDENTITY = "iPhone Developer";
				"CODE_SIGN_IDENTITY[sdk=iphoneos*]" = "iPhone Developer";
				DEFINES_MODULE = YES;
				GCC_PRECOMPILE_PREFIX_HEADER = YES;
				GCC_PREFIX_HEADER = "p0ng/p0ng-Prefix.pch";
				INFOPLIST_FILE = "p0ng/p0ng-Info.plist";
				IPHONEOS_DEPLOYMENT_TARGET = 8.0;
				LD_RUNPATH_SEARCH_PATHS = "$(inherited) @executable_path/Frameworks";
				PRODUCT_BUNDLE_IDENTIFIER = com.micrantha.p0ng;
				PRODUCT_NAME = "$(TARGET_NAME)";
				PROVISIONING_PROFILE = "";
				"PROVISIONING_PROFILE[sdk=iphoneos*]" = "";
				SWIFT_OBJC_BRIDGING_HEADER = "";
				SWIFT_VERSION = 4.0;
				TARGETED_DEVICE_FAMILY = 1;
				WRAPPER_EXTENSION = app;
			};
			name = Release;
		};
		210F4F54169D39C4008988FD /* Debug */ = {
			isa = XCBuildConfiguration;
			buildSettings = {
				BUNDLE_LOADER = "$(BUILT_PRODUCTS_DIR)/p0ng.app/p0ng";
				FRAMEWORK_SEARCH_PATHS = (
					"\"$(SDKROOT)/Developer/Library/Frameworks\"",
					"\"$(DEVELOPER_LIBRARY_DIR)/Frameworks\"",
					"$(inherited)",
				);
				GCC_PRECOMPILE_PREFIX_HEADER = YES;
				GCC_PREFIX_HEADER = "p0ng/p0ng-Prefix.pch";
				INFOPLIST_FILE = "p0ngTests/p0ngTests-Info.plist";
				PRODUCT_BUNDLE_IDENTIFIER = "com.arg3.${PRODUCT_NAME:rfc1034identifier}";
				PRODUCT_NAME = "$(TARGET_NAME)";
				TEST_HOST = "$(BUNDLE_LOADER)";
			};
			name = Debug;
		};
		210F4F55169D39C4008988FD /* Release */ = {
			isa = XCBuildConfiguration;
			buildSettings = {
				BUNDLE_LOADER = "$(BUILT_PRODUCTS_DIR)/p0ng.app/p0ng";
				FRAMEWORK_SEARCH_PATHS = (
					"\"$(SDKROOT)/Developer/Library/Frameworks\"",
					"\"$(DEVELOPER_LIBRARY_DIR)/Frameworks\"",
					"$(inherited)",
				);
				GCC_PRECOMPILE_PREFIX_HEADER = YES;
				GCC_PREFIX_HEADER = "p0ng/p0ng-Prefix.pch";
				INFOPLIST_FILE = "p0ngTests/p0ngTests-Info.plist";
				PRODUCT_BUNDLE_IDENTIFIER = "com.arg3.${PRODUCT_NAME:rfc1034identifier}";
				PRODUCT_NAME = "$(TARGET_NAME)";
				TEST_HOST = "$(BUNDLE_LOADER)";
			};
			name = Release;
		};
/* End XCBuildConfiguration section */

/* Begin XCConfigurationList section */
		210F4F11169D39C4008988FD /* Build configuration list for PBXProject "p0ng" */ = {
			isa = XCConfigurationList;
			buildConfigurations = (
				210F4F4E169D39C4008988FD /* Debug */,
				210F4F4F169D39C4008988FD /* Release */,
			);
			defaultConfigurationIsVisible = 0;
			defaultConfigurationName = Release;
		};
		210F4F50169D39C4008988FD /* Build configuration list for PBXNativeTarget "p0ng" */ = {
			isa = XCConfigurationList;
			buildConfigurations = (
				210F4F51169D39C4008988FD /* Debug */,
				210F4F52169D39C4008988FD /* Release */,
			);
			defaultConfigurationIsVisible = 0;
			defaultConfigurationName = Release;
		};
		210F4F53169D39C4008988FD /* Build configuration list for PBXNativeTarget "p0ngTests" */ = {
			isa = XCConfigurationList;
			buildConfigurations = (
				210F4F54169D39C4008988FD /* Debug */,
				210F4F55169D39C4008988FD /* Release */,
			);
			defaultConfigurationIsVisible = 0;
			defaultConfigurationName = Release;
		};
/* End XCConfigurationList section */
	};
	rootObject = 210F4F0E169D39C4008988FD /* Project object */;
}
